
Microsoft Visual Studio Solution File, Format Version 12.00
# Visual Studio 15
VisualStudioVersion = 15.0.27703.2047
MinimumVisualStudioVersion = 10.0.40219.1
Project("{FAE04EC0-301F-11D3-BF4B-00C04F79EFBC}") = "Carisbrook", "Carisbrook\Carisbrook.csproj", "{18D8955F-E0F9-4458-91E0-2A9D073EABBC}"
EndProject
Global
	GlobalSection(SolutionConfigurationPlatforms) = preSolution
		Debug|Any CPU = Debug|Any CPU
		Release|Any CPU = Release|Any CPU
	EndGlobalSection
	GlobalSection(ProjectConfigurationPlatforms) = postSolution
		{18D8955F-E0F9-4458-91E0-2A9D073EABBC}.Debug|Any CPU.ActiveCfg = Debug|Any CPU
		{18D8955F-E0F9-4458-91E0-2A9D073EABBC}.Debug|Any CPU.Build.0 = Debug|Any CPU
		{18D8955F-E0F9-4458-91E0-2A9D073EABBC}.Release|Any CPU.ActiveCfg = Release|Any CPU
		{18D8955F-E0F9-4458-91E0-2A9D073EABBC}.Release|Any CPU.Build.0 = Release|Any CPU
	EndGlobalSection
	GlobalSection(SolutionProperties) = preSolution
		HideSolutionNode = FALSE
	EndGlobalSection
	GlobalSection(ExtensibilityGlobals) = postSolution
		SolutionGuid = {9FB3AC33-BCFC-4BE7-B800-26F5D2507039}
	EndGlobalSection
EndGlobal
